# Exact development/test resolution for Python 3.10+.
# Install the project with: python -m pip install -r requirements-dev.lock -e ".[dev]"
Pygments==2.21.0
build==1.6.0
colorama==0.4.6; sys_platform == "win32"
exceptiongroup==1.3.0; python_version < "3.11"
iniconfig==2.3.0
packaging==26.3
pluggy==1.6.0
pypdf==6.17.0
pyproject_hooks==1.2.0
pytest==9.1.1
ruff==0.16.5
setuptools==84.0.0
tomli==2.2.1; python_version < "3.11"
typing_extensions==4.16.0; python_version < "3.11"
tzdata==2026.3
wheel==0.48.0
